// !$*UTF8*$!
{
	archiveVersion = 1;
	classes = {
	};
	objectVersion = 46;
	objects = {

/* Begin PBXBuildFile section */
		3CB8BB491E561FFF00DE2E4E /* AppDelegate.swift in Sources */ = {isa = PBXBuildFile; fileRef = 3CB8BB481E561FFF00DE2E4E /* AppDelegate.swift */; };
		3CB8BB4B1E561FFF00DE2E4E /* ViewController.swift in Sources */ = {isa = PBXBuildFile; fileRef = 3CB8BB4A1E561FFF00DE2E4E /* ViewController.swift */; };
		3CB8BB4E1E561FFF00DE2E4E /* Main.storyboard in Resources */ = {isa = PBXBuildFile; fileRef = 3CB8BB4C1E561FFF00DE2E4E /* Main.storyboard */; };
		3CB8BB501E561FFF00DE2E4E /* Assets.xcassets in Resources */ = {isa = PBXBuildFile; fileRef = 3CB8BB4F1E561FFF00DE2E4E /* Assets.xcassets */; };
		3CB8BB531E561FFF00DE2E4E /* LaunchScreen.storyboard in Resources */ = {isa = PBXBuildFile; fileRef = 3CB8BB511E561FFF00DE2E4E /* LaunchScreen.storyboard */; };
/* End PBXBuildFile section */

/* Begin PBXFileReference section */
		3CB8BB451E561FFF00DE2E4E /* HumanWave.app */ = {isa = PBXFileReference; explicitFileType = wrapper.application; includeInIndex = 0; path = HumanWave.app; sourceTree = BUILT_PRODUCTS_DIR; };
		3CB8BB481E561FFF00DE2E4E /* AppDelegate.swift */ = {isa = PBXFileReference; lastKnownFileType = sourcecode.swift; path = AppDelegate.swift; sourceTree = "<group>"; };
		3CB8BB4A1E561FFF00DE2E4E /* ViewController.swift */ = {isa = PBXFileReference; lastKnownFileType = sourcecode.swift; path = ViewController.swift; sourceTree = "<group>"; };
		3CB8BB4D1E561FFF00DE2E4E /* Base */ = {isa = PBXFileReference; lastKnownFileType = file.storyboard; name = Base; path = Base.lproj/Main.storyboard; sourceTree = "<group>"; };
		3CB8BB4F1E561FFF00DE2E4E /* Assets.xcassets */ = {isa = PBXFileReference; lastKnownFileType = folder.assetcatalog; path = Assets.xcassets; sourceTree = "<group>"; };
		3CB8BB521E561FFF00DE2E4E /* Base */ = {isa = PBXFileReference; lastKnownFileType = file.storyboard; name = Base; path = Base.lproj/LaunchScreen.storyboard; sourceTree = "<group>"; };
		3CB8BB541E561FFF00DE2E4E /* Info.plist */ = {isa = PBXFileReference; lastKnownFileType = text.plist.xml; path = Info.plist; sourceTree = "<group>"; };
/* End PBXFileReference section */

/* Begin PBXFrameworksBuildPhase section */
		3CB8BB421E561FFE00DE2E4E /* Frameworks */ = {
			isa = PBXFrameworksBuildPhase;
			buildActionMask = 2147483647;
			files = (
			);
			runOnlyForDeploymentPostprocessing = 0;
		};
/* End PBXFrameworksBuildPhase section */

/* Begin PBXGroup section */
		3CB8BB3C1E561FFE00DE2E4E = {
			isa = PBXGroup;
			children = (
				3CB8BB471E561FFF00DE2E4E /* HumanWave */,
				3CB8BB461E561FFF00DE2E4E /* Products */,
			);
			sourceTree = "<group>";
		};
		3CB8BB461E561FFF00DE2E4E /* Products */ = {
			isa = PBXGroup;
			children = (
				3CB8BB451E561FFF00DE2E4E /* HumanWave.app */,
			);
			name = Products;
			sourceTree = "<group>";
		};
		3CB8BB471E561FFF00DE2E4E /* HumanWave */ = {
			isa = PBXGroup;
			children = (
				3CB8BB481E561FFF00DE2E4E /* AppDelegate.swift */,
				3CB8BB4A1E561FFF00DE2E4E /* ViewController.swift */,
				3CB8BB4C1E561FFF00DE2E4E /* Main.storyboard */,
				3CB8BB4F1E561FFF00DE2E4E /* Assets.xcassets */,
				3CB8BB511E561FFF00DE2E4E /* LaunchScreen.storyboard */,
				3CB8BB541E561FFF00DE2E4E /* Info.plist */,
			);
			path = HumanWave;
			sourceTree = "<group>";
		};
/* End PBXGroup section */

/* Begin PBXNativeTarget section */
		3CB8BB441E561FFE00DE2E4E /* HumanWave */ = {
			isa = PBXNativeTarget;
			buildConfigurationList = 3CB8BB571E561FFF00DE2E4E /* Build configuration list for PBXNativeTarget "HumanWave" */;
			buildPhases = (
				3CB8BB411E561FFE00DE2E4E /* Sources */,
				3CB8BB421E561FFE00DE2E4E /* Frameworks */,
				3CB8BB431E561FFE00DE2E4E /* Resources */,
			);
			buildRules = (
			);
			dependencies = (
			);
			name = HumanWave;
			productName = HumanWave;
			productReference = 3CB8BB451E561FFF00DE2E4E /* HumanWave.app */;
			productType = "com.apple.product-type.application";
		};
/* End PBXNativeTarget section */

/* Begin PBXProject section */
		3CB8BB3D1E561FFE00DE2E4E /* Project object */ = {
			isa = PBXProject;
			attributes = {
				LastSwiftUpdateCheck = 0820;
				LastUpgradeCheck = 0820;
				ORGANIZATIONNAME = shinwee;
				TargetAttributes = {
					3CB8BB441E561FFE00DE2E4E = {
						CreatedOnToolsVersion = 8.2.1;
						ProvisioningStyle = Automatic;
					};
				};
			};
			buildConfigurationList = 3CB8BB401E561FFE00DE2E4E /* Build configuration list for PBXProject "HumanWave" */;
			compatibilityVersion = "Xcode 3.2";
			developmentRegion = English;
			hasScannedForEncodings = 0;
			knownRegions = (
				en,
				Base,
			);
			mainGroup = 3CB8BB3C1E561FFE00DE2E4E;
			productRefGroup = 3CB8BB461E561FFF00DE2E4E /* Products */;
			projectDirPath = "";
			projectRoot = "";
			targets = (
				3CB8BB441E561FFE00DE2E4E /* HumanWave */,
			);
		};
/* End PBXProject section */

/* Begin PBXResourcesBuildPhase section */
		3CB8BB431E561FFE00DE2E4E /* Resources */ = {
			isa = PBXResourcesBuildPhase;
			buildActionMask = 2147483647;
			files = (
				3CB8BB531E561FFF00DE2E4E /* LaunchScreen.storyboard in Resources */,
				3CB8BB501E561FFF00DE2E4E /* Assets.xcassets in Resources */,
				3CB8BB4E1E561FFF00DE2E4E /* Main.storyboard in Resources */,
			);
			runOnlyForDeploymentPostprocessing = 0;
		};
/* End PBXResourcesBuildPhase section */

/* Begin PBXSourcesBuildPhase section */
		3CB8BB411E561FFE00DE2E4E /* Sources */ = {
			isa = PBXSourcesBuildPhase;
			buildActionMask = 2147483647;
			files = (
				3CB8BB4B1E561FFF00DE2E4E /* ViewController.swift in Sources */,
				3CB8BB491E561FFF00DE2E4E /* AppDelegate.swift in Sources */,
			);
			runOnlyForDeploymentPostprocessing = 0;
		};
/* End PBXSourcesBuildPhase section */

/* Begin PBXVariantGroup section */
		3CB8BB4C1E561FFF00DE2E4E /* Main.storyboard */ = {
			isa = PBXVariantGroup;
			children = (
				3CB8BB4D1E561FFF00DE2E4E /* Base */,
			);
			name = Main.storyboard;
			sourceTree = "<group>";
		};
		3CB8BB511E561FFF00DE2E4E /* LaunchScreen.storyboard */ = {
			isa = PBXVariantGroup;
			children = (
				3CB8BB521E561FFF00DE2E4E /* Base */,
			);
			name = LaunchScreen.storyboard;
			sourceTree = "<group>";
		};
/* End PBXVariantGroup section */

/* Begin XCBuildConfiguration section */
		3CB8BB551E561FFF00DE2E4E /* Debug */ = {
			isa = XCBuildConfiguration;
			buildSettings = {
				ALWAYS_SEARCH_USER_PATHS = NO;
				CLANG_ANALYZER_NONNULL = YES;
				CLANG_CXX_LANGUAGE_STANDARD = "gnu++0x";
				CLANG_CXX_LIBRARY = "libc++";
				CLANG_ENABLE_MODULES = YES;
				CLANG_ENABLE_OBJC_ARC = YES;
				CLANG_WARN_BOOL_CONVERSION = YES;
				CLANG_WARN_CONSTANT_CONVERSION = YES;
				CLANG_WARN_DIRECT_OBJC_ISA_USAGE = YES_ERROR;
				CLANG_WARN_DOCUMENTATION_COMMENTS = YES;
				CLANG_WARN_EMPTY_BODY = YES;
				CLANG_WARN_ENUM_CONVERSION = YES;
				CLANG_WARN_INFINITE_RECURSION = YES;
				CLANG_WARN_INT_CONVERSION = YES;
				CLANG_WARN_OBJC_ROOT_CLASS = YES_ERROR;
				CLANG_WARN_SUSPICIOUS_MOVE = YES;
				CLANG_WARN_UNREACHABLE_CODE = YES;
				CLANG_WARN__DUPLICATE_METHOD_MATCH = YES;
				"CODE_SIGN_IDENTITY[sdk=iphoneos*]" = "iPhone Developer";
				COPY_PHASE_STRIP = NO;
				DEBUG_INFORMATION_FORMAT = dwarf;
				ENABLE_STRICT_OBJC_MSGSEND = YES;
				ENABLE_TESTABILITY = YES;
				GCC_C_LANGUAGE_STANDARD = gnu99;
				GCC_DYNAMIC_NO_PIC = NO;
				GCC_NO_COMMON_BLOCKS = YES;
				GCC_OPTIMIZATION_LEVEL = 0;
				GCC_PREPROCESSOR_DEFINITIONS = (
					"DEBUG=1",
					"$(inherited)",
				);
				GCC_WARN_64_TO_32_BIT_CONVERSION = YES;
				GCC_WARN_ABOUT_RETURN_TYPE = YES_ERROR;
				GCC_WARN_UNDECLARED_SELECTOR = YES;
				GCC_WARN_UNINITIALIZED_AUTOS = YES_AGGRESSIVE;
				GCC_WARN_UNUSED_FUNCTION = YES;
				GCC_WARN_UNUSED_VARIABLE = YES;
				IPHONEOS_DEPLOYMENT_TARGET = 10.2;
				MTL_ENABLE_DEBUG_INFO = YES;
				ONLY_ACTIVE_ARCH = YES;
				SDKROOT = iphoneos;
				SWIFT_ACTIVE_COMPILATION_CONDITIONS = DEBUG;
				SWIFT_OPTIMIZATION_LEVEL = "-Onone";
				TARGETED_DEVICE_FAMILY = "1,2";
			};
			name = Debug;
		};
		3CB8BB561E561FFF00DE2E4E /* Release */ = {
			isa = XCBuildConfiguration;
			buildSettings = {
				ALWAYS_SEARCH_USER_PATHS = NO;
				CLANG_ANALYZER_NONNULL = YES;
				CLANG_CXX_LANGUAGE_STANDARD = "gnu++0x";
				CLANG_CXX_LIBRARY = "libc++";
				CLANG_ENABLE_MODULES = YES;
				CLANG_ENABLE_OBJC_ARC = YES;
				CLANG_WARN_BOOL_CONVERSION = YES;
				CLANG_WARN_CONSTANT_CONVERSION = YES;
				CLANG_WARN_DIRECT_OBJC_ISA_USAGE = YES_ERROR;
				CLANG_WARN_DOCUMENTATION_COMMENTS = YES;
				CLANG_WARN_EMPTY_BODY = YES;
				CLANG_WARN_ENUM_CONVERSION = YES;
				CLANG_WARN_INFINITE_RECURSION = YES;
				CLANG_WARN_INT_CONVERSION = YES;
				CLANG_WARN_OBJC_ROOT_CLASS = YES_ERROR;
				CLANG_WARN_SUSPICIOUS_MOVE = YES;
				CLANG_WARN_UNREACHABLE_CODE = YES;
				CLANG_WARN__DUPLICATE_METHOD_MATCH = YES;
				"CODE_SIGN_IDENTITY[sdk=iphoneos*]" = "iPhone Developer";
				COPY_PHASE_STRIP = NO;
				DEBUG_INFORMATION_FORMAT = "dwarf-with-dsym";
				ENABLE_NS_ASSERTIONS = NO;
				ENABLE_STRICT_OBJC_MSGSEND = YES;
				GCC_C_LANGUAGE_STANDARD = gnu99;
				GCC_NO_COMMON_BLOCKS = YES;
				GCC_WARN_64_TO_32_BIT_CONVERSION = YES;
				GCC_WARN_ABOUT_RETURN_TYPE = YES_ERROR;
				GCC_WARN_UNDECLARED_SELECTOR = YES;
				GCC_WARN_UNINITIALIZED_AUTOS = YES_AGGRESSIVE;
				GCC_WARN_UNUSED_FUNCTION = YES;
				GCC_WARN_UNUSED_VARIABLE = YES;
				IPHONEOS_DEPLOYMENT_TARGET = 10.2;
				MTL_ENABLE_DEBUG_INFO = NO;
				SDKROOT = iphoneos;
				SWIFT_OPTIMIZATION_LEVEL = "-Owholemodule";
				TARGETED_DEVICE_FAMILY = "1,2";
				VALIDATE_PRODUCT = YES;
			};
			name = Release;
		};
		3CB8BB581E561FFF00DE2E4E /* Debug */ = {
			isa = XCBuildConfiguration;
			buildSettings = {
				ASSETCATALOG_COMPILER_APPICON_NAME = AppIcon;
				INFOPLIST_FILE = HumanWave/Info.plist;
				LD_RUNPATH_SEARCH_PATHS = "$(inherited) @executable_path/Frameworks";
				PRODUCT_BUNDLE_IDENTIFIER = com.shinwee.HumanWave;
				PRODUCT_NAME = "$(TARGET_NAME)";
				SWIFT_VERSION = 3.0;
			};
			name = Debug;
		};
		3CB8BB591E561FFF00DE2E4E /* Release */ = {
			isa = XCBuildConfiguration;
			buildSettings = {
				ASSETCATALOG_COMPILER_APPICON_NAME = AppIcon;
				INFOPLIST_FILE = HumanWave/Info.plist;
				LD_RUNPATH_SEARCH_PATHS = "$(inherited) @executable_path/Frameworks";
				PRODUCT_BUNDLE_IDENTIFIER = com.shinwee.HumanWave;
				PRODUCT_NAME = "$(TARGET_NAME)";
				SWIFT_VERSION = 3.0;
			};
			name = Release;
		};
/* End XCBuildConfiguration section */

/* Begin XCConfigurationList section */
		3CB8BB401E561FFE00DE2E4E /* Build configuration list for PBXProject "HumanWave" */ = {
			isa = XCConfigurationList;
			buildConfigurations = (
				3CB8BB551E561FFF00DE2E4E /* Debug */,
				3CB8BB561E561FFF00DE2E4E /* Release */,
			);
			defaultConfigurationIsVisible = 0;
			defaultConfigurationName = Release;
		};
		3CB8BB571E561FFF00DE2E4E /* Build configuration list for PBXNativeTarget "HumanWave" */ = {
			isa = XCConfigurationList;
			buildConfigurations = (
				3CB8BB581E561FFF00DE2E4E /* Debug */,
				3CB8BB591E561FFF00DE2E4E /* Release */,
			);
			defaultConfigurationIsVisible = 0;
		};
/* End XCConfigurationList section */
	};
	rootObject = 3CB8BB3D1E561FFE00DE2E4E /* Project object */;
}
